
Microsoft Visual Studio Solution File, Format Version 12.00
# Visual Studio Version 16
VisualStudioVersion = 16.0.30711.63
MinimumVisualStudioVersion = 10.0.40219.1
Project("{FAE04EC0-301F-11D3-BF4B-00C04F79EFBC}") = "UserDetails", "EmployeeDetails\UserDetails.csproj", "{C340AFB6-AEDC-4F8C-A002-AFB2C8DD1B4D}"
EndProject
Global
	GlobalSection(SolutionConfigurationPlatforms) = preSolution
		Debug|Any CPU = Debug|Any CPU
		Release|Any CPU = Release|Any CPU
	EndGlobalSection
	GlobalSection(ProjectConfigurationPlatforms) = postSolution
		{C340AFB6-AEDC-4F8C-A002-AFB2C8DD1B4D}.Debug|Any CPU.ActiveCfg = Debug|Any CPU
		{C340AFB6-AEDC-4F8C-A002-AFB2C8DD1B4D}.Debug|Any CPU.Build.0 = Debug|Any CPU
		{C340AFB6-AEDC-4F8C-A002-AFB2C8DD1B4D}.Release|Any CPU.ActiveCfg = Release|Any CPU
		{C340AFB6-AEDC-4F8C-A002-AFB2C8DD1B4D}.Release|Any CPU.Build.0 = Release|Any CPU
	EndGlobalSection
	GlobalSection(SolutionProperties) = preSolution
		HideSolutionNode = FALSE
	EndGlobalSection
	GlobalSection(ExtensibilityGlobals) = postSolution
		SolutionGuid = {C6E405AC-D04C-4388-8E35-6DCD87CA8B01}
	EndGlobalSection
EndGlobal
